
Microsoft Visual Studio Solution File, Format Version 12.00
# Visual Studio Version 17
VisualStudioVersion = 17.7.34024.191
MinimumVisualStudioVersion = 10.0.40219.1
Project("{FAE04EC0-301F-11D3-BF4B-00C04F79EFBC}") = "WpfApp2", "WpfApp2\WpfApp2.csproj", "{6DD9211C-4FED-4A9F-AB0B-CFB307DF6F50}"
EndProject
Global
	GlobalSection(SolutionConfigurationPlatforms) = preSolution
		Debug|Any CPU = Debug|Any CPU
		Release|Any CPU = Release|Any CPU
	EndGlobalSection
	GlobalSection(ProjectConfigurationPlatforms) = postSolution
		{6DD9211C-4FED-4A9F-AB0B-CFB307DF6F50}.Debug|Any CPU.ActiveCfg = Debug|Any CPU
		{6DD9211C-4FED-4A9F-AB0B-CFB307DF6F50}.Debug|Any CPU.Build.0 = Debug|Any CPU
		{6DD9211C-4FED-4A9F-AB0B-CFB307DF6F50}.Release|Any CPU.ActiveCfg = Release|Any CPU
		{6DD9211C-4FED-4A9F-AB0B-CFB307DF6F50}.Release|Any CPU.Build.0 = Release|Any CPU
	EndGlobalSection
	GlobalSection(SolutionProperties) = preSolution
		HideSolutionNode = FALSE
	EndGlobalSection
	GlobalSection(ExtensibilityGlobals) = postSolution
		SolutionGuid = {F7F3724E-F39D-4006-BCE9-863FB5079EFD}
	EndGlobalSection
EndGlobal
